
Microsoft Visual Studio Solution File, Format Version 12.00
# Visual Studio Version 17
VisualStudioVersion = 17.3.32929.385
MinimumVisualStudioVersion = 10.0.40219.1
Project("{FAE04EC0-301F-11D3-BF4B-00C04F79EFBC}") = "CSSviaCsharp", "CSSviaCsharp\CSSviaCsharp.csproj", "{43FD3F18-4088-423E-A26F-924CBE0710D0}"
EndProject
Global
	GlobalSection(SolutionConfigurationPlatforms) = preSolution
		Debug|Any CPU = Debug|Any CPU
		Release|Any CPU = Release|Any CPU
	EndGlobalSection
	GlobalSection(ProjectConfigurationPlatforms) = postSolution
		{43FD3F18-4088-423E-A26F-924CBE0710D0}.Debug|Any CPU.ActiveCfg = Debug|Any CPU
		{43FD3F18-4088-423E-A26F-924CBE0710D0}.Debug|Any CPU.Build.0 = Debug|Any CPU
		{43FD3F18-4088-423E-A26F-924CBE0710D0}.Release|Any CPU.ActiveCfg = Release|Any CPU
		{43FD3F18-4088-423E-A26F-924CBE0710D0}.Release|Any CPU.Build.0 = Release|Any CPU
	EndGlobalSection
	GlobalSection(SolutionProperties) = preSolution
		HideSolutionNode = FALSE
	EndGlobalSection
	GlobalSection(ExtensibilityGlobals) = postSolution
		SolutionGuid = {AD724766-2794-4801-9F49-2D182AF72E2A}
	EndGlobalSection
EndGlobal
